{
  "name": "odetofood",
  "version": "1.0.0",
  "lockfileVersion": 3,
  "requires": true,
  "packages": {
    "": {
      "name": "odetofood",
      "version": "1.0.0",
      "dependencies": {
        "datatables.net-bs5": "^2.3.4",
        "datatables.net-buttons-bs5": "^3.2.5",
        "datatables.net-dt": "^2.3.4"
      }
    },
    "node_modules/datatables.net": {
      "version": "2.3.4",
      "resolved": "https://registry.npmjs.org/datatables.net/-/datatables.net-2.3.4.tgz",
      "integrity": "sha512-fKuRlrBIdpAl2uIFgl9enKecHB41QmFd/2nN9LBbOvItV/JalAxLcyqdZXex7wX4ZXjnJQEnv6xeS9veOpKzSw==",
      "license": "MIT",
      "dependencies": {
        "jquery": ">=1.7"
      }
    },
    "node_modules/datatables.net-bs5": {
      "version": "2.3.4",
      "resolved": "https://registry.npmjs.org/datatables.net-bs5/-/datatables.net-bs5-2.3.4.tgz",
      "integrity": "sha512-OSoPWhNfiU71VjNP604uTmFRxiX32U7SCW0KRZ2X6z3ZYbIwjjoWcMEjjPWOH3uOqaI0OTDBgOgOs5G28VaJog==",
      "license": "MIT",
      "dependencies": {
        "datatables.net": "2.3.4",
        "jquery": ">=1.7"
      }
    },
    "node_modules/datatables.net-buttons": {
      "version": "3.2.5",
      "resolved": "https://registry.npmjs.org/datatables.net-buttons/-/datatables.net-buttons-3.2.5.tgz",
      "integrity": "sha512-OSTl7evbfe0SMee11lyzu5iv/z8Yp05eh3s1QBte/FNqHcoXN8hlAVSSGpYgk5pj8zwHPYIu6fHeMEue4ARUNg==",
      "license": "MIT",
      "dependencies": {
        "datatables.net": "^2",
        "jquery": ">=1.7"
      }
    },
    "node_modules/datatables.net-buttons-bs5": {
      "version": "3.2.5",
      "resolved": "https://registry.npmjs.org/datatables.net-buttons-bs5/-/datatables.net-buttons-bs5-3.2.5.tgz",
      "integrity": "sha512-3eT/Sd90x7imq9MRcKP9X3j70qg/u+OvtZSNWJEihRf1Mb/Sr8NexQw/Bag/ui6GJHa5dhUeFrOgBSKtEW70iA==",
      "license": "MIT",
      "dependencies": {
        "datatables.net-bs5": "^2",
        "datatables.net-buttons": "3.2.5",
        "jquery": ">=1.7"
      }
    },
    "node_modules/datatables.net-dt": {
      "version": "2.3.4",
      "resolved": "https://registry.npmjs.org/datatables.net-dt/-/datatables.net-dt-2.3.4.tgz",
      "integrity": "sha512-qOCnnUuFTiju4AOMM4xy4Lx87UfyHdIHIMYdbBXD4pAtvoWTH9wMzVTN/2gFNT4GlbrLkmGf5ZkU6uLRTTymMA==",
      "license": "MIT",
      "dependencies": {
        "datatables.net": "2.3.4",
        "jquery": ">=1.7"
      }
    },
    "node_modules/jquery": {
      "version": "3.7.1",
      "resolved": "https://registry.npmjs.org/jquery/-/jquery-3.7.1.tgz",
      "integrity": "sha512-m4avr8yL8kmFN8psrbFFFmB/If14iN5o9nw/NgnnM+kybDJpRsAynV2BsfpTYrTRysYUdADVD7CkUUizgkpLfg==",
      "license": "MIT"
    }
  }
}
